
Microsoft Visual Studio Solution File, Format Version 12.00
# Visual Studio 15
VisualStudioVersion = 15.0.28307.438
MinimumVisualStudioVersion = 10.0.40219.1
Project("{FAE04EC0-301F-11D3-BF4B-00C04F79EFBC}") = "InventorySystem", "InventorySystem\InventorySystem.csproj", "{2B8E8757-2391-45CC-A5E3-847248FF23AB}"
EndProject
Global
	GlobalSection(SolutionConfigurationPlatforms) = preSolution
		Debug|Any CPU = Debug|Any CPU
		Release|Any CPU = Release|Any CPU
	EndGlobalSection
	GlobalSection(ProjectConfigurationPlatforms) = postSolution
		{2B8E8757-2391-45CC-A5E3-847248FF23AB}.Debug|Any CPU.ActiveCfg = Debug|Any CPU
		{2B8E8757-2391-45CC-A5E3-847248FF23AB}.Debug|Any CPU.Build.0 = Debug|Any CPU
		{2B8E8757-2391-45CC-A5E3-847248FF23AB}.Release|Any CPU.ActiveCfg = Release|Any CPU
		{2B8E8757-2391-45CC-A5E3-847248FF23AB}.Release|Any CPU.Build.0 = Release|Any CPU
	EndGlobalSection
	GlobalSection(SolutionProperties) = preSolution
		HideSolutionNode = FALSE
	EndGlobalSection
	GlobalSection(ExtensibilityGlobals) = postSolution
		SolutionGuid = {C87B032A-DCE9-48F1-A0DD-761422312DD2}
	EndGlobalSection
EndGlobal
